# This file is automatically @generated by Cargo.
# It is not intended for manual editing.
version = 4

[[package]]
name = "desktop"
version = "0.1.0"
dependencies = [
 "gateway-client",
 "project-store",
 "protocol-core",
 "serial-core",
 "task-engine",
]

[[package]]
name = "gateway-client"
version = "0.1.0"

[[package]]
name = "project-store"
version = "0.1.0"

[[package]]
name = "protocol-core"
version = "0.1.0"

[[package]]
name = "serial-core"
version = "0.1.0"

[[package]]
name = "task-engine"
version = "0.1.0"
